
Microsoft Visual Studio Solution File, Format Version 12.00
# Visual Studio Version 16
VisualStudioVersion = 16.0.32126.315
MinimumVisualStudioVersion = 10.0.40219.1
Project("{888888A0-9F3D-457C-B088-3A5042F75D52}") = "Gas Price Analysis", "Gas Price Analysis\Gas Price Analysis.pyproj", "{ABB4EA74-6669-4246-9667-476CCA543B13}"
EndProject
Global
	GlobalSection(SolutionConfigurationPlatforms) = preSolution
		Debug|Any CPU = Debug|Any CPU
		Release|Any CPU = Release|Any CPU
	EndGlobalSection
	GlobalSection(ProjectConfigurationPlatforms) = postSolution
		{ABB4EA74-6669-4246-9667-476CCA543B13}.Debug|Any CPU.ActiveCfg = Debug|Any CPU
		{ABB4EA74-6669-4246-9667-476CCA543B13}.Release|Any CPU.ActiveCfg = Release|Any CPU
	EndGlobalSection
	GlobalSection(SolutionProperties) = preSolution
		HideSolutionNode = FALSE
	EndGlobalSection
	GlobalSection(ExtensibilityGlobals) = postSolution
		SolutionGuid = {38A33452-B349-44C4-AB3E-4439045F8D4F}
	EndGlobalSection
EndGlobal
